
Microsoft Visual Studio Solution File, Format Version 12.00
# Visual Studio Version 16
VisualStudioVersion = 16.0.31129.286
MinimumVisualStudioVersion = 10.0.40219.1
Project("{FAE04EC0-301F-11D3-BF4B-00C04F79EFBC}") = "Generator", "Generator\Generator.csproj", "{05B1EFD1-9A23-47F4-815E-826C09407475}"
EndProject
Global
	GlobalSection(SolutionConfigurationPlatforms) = preSolution
		Debug|Any CPU = Debug|Any CPU
		Release|Any CPU = Release|Any CPU
	EndGlobalSection
	GlobalSection(ProjectConfigurationPlatforms) = postSolution
		{05B1EFD1-9A23-47F4-815E-826C09407475}.Debug|Any CPU.ActiveCfg = Debug|Any CPU
		{05B1EFD1-9A23-47F4-815E-826C09407475}.Debug|Any CPU.Build.0 = Debug|Any CPU
		{05B1EFD1-9A23-47F4-815E-826C09407475}.Release|Any CPU.ActiveCfg = Release|Any CPU
		{05B1EFD1-9A23-47F4-815E-826C09407475}.Release|Any CPU.Build.0 = Release|Any CPU
	EndGlobalSection
	GlobalSection(SolutionProperties) = preSolution
		HideSolutionNode = FALSE
	EndGlobalSection
	GlobalSection(ExtensibilityGlobals) = postSolution
		SolutionGuid = {E5D318AF-B57D-4C83-9B70-457A07AABBEA}
	EndGlobalSection
EndGlobal
